
Microsoft Visual Studio Solution File, Format Version 12.00
# Visual Studio Version 16
VisualStudioVersion = 16.0.29403.142
MinimumVisualStudioVersion = 10.0.40219.1
Project("{9092AA53-FB77-4645-B42D-1CCCA6BD08BD}") = "nodejs_express", "nodejs_express\nodejs_express.njsproj", "{EF0C3CA9-6FBD-41F1-AE50-A4E38A8ACBC9}"
EndProject
Global
	GlobalSection(SolutionConfigurationPlatforms) = preSolution
		Debug|Any CPU = Debug|Any CPU
		Release|Any CPU = Release|Any CPU
	EndGlobalSection
	GlobalSection(ProjectConfigurationPlatforms) = postSolution
		{EF0C3CA9-6FBD-41F1-AE50-A4E38A8ACBC9}.Debug|Any CPU.ActiveCfg = Debug|Any CPU
		{EF0C3CA9-6FBD-41F1-AE50-A4E38A8ACBC9}.Debug|Any CPU.Build.0 = Debug|Any CPU
		{EF0C3CA9-6FBD-41F1-AE50-A4E38A8ACBC9}.Release|Any CPU.ActiveCfg = Release|Any CPU
		{EF0C3CA9-6FBD-41F1-AE50-A4E38A8ACBC9}.Release|Any CPU.Build.0 = Release|Any CPU
	EndGlobalSection
	GlobalSection(SolutionProperties) = preSolution
		HideSolutionNode = FALSE
	EndGlobalSection
	GlobalSection(ExtensibilityGlobals) = postSolution
		SolutionGuid = {B4278D82-B9E9-4E5D-8EB8-2FA91ABC97AE}
	EndGlobalSection
EndGlobal
